
Microsoft Visual Studio Solution File, Format Version 12.00
# Visual Studio Version 16
VisualStudioVersion = 16.0.31205.134
MinimumVisualStudioVersion = 10.0.40219.1
Project("{FAE04EC0-301F-11D3-BF4B-00C04F79EFBC}") = "projev2", "projev2.csproj", "{026D4711-0A76-4F13-BF25-6F1B929B4EB3}"
EndProject
Global
	GlobalSection(SolutionConfigurationPlatforms) = preSolution
		Debug|Any CPU = Debug|Any CPU
		Release|Any CPU = Release|Any CPU
	EndGlobalSection
	GlobalSection(ProjectConfigurationPlatforms) = postSolution
		{026D4711-0A76-4F13-BF25-6F1B929B4EB3}.Debug|Any CPU.ActiveCfg = Debug|Any CPU
		{026D4711-0A76-4F13-BF25-6F1B929B4EB3}.Debug|Any CPU.Build.0 = Debug|Any CPU
		{026D4711-0A76-4F13-BF25-6F1B929B4EB3}.Release|Any CPU.ActiveCfg = Release|Any CPU
		{026D4711-0A76-4F13-BF25-6F1B929B4EB3}.Release|Any CPU.Build.0 = Release|Any CPU
	EndGlobalSection
	GlobalSection(SolutionProperties) = preSolution
		HideSolutionNode = FALSE
	EndGlobalSection
	GlobalSection(ExtensibilityGlobals) = postSolution
		SolutionGuid = {4DC73C9F-D07B-4E97-9F1B-7899959022F7}
	EndGlobalSection
EndGlobal
